
Microsoft Visual Studio Solution File, Format Version 12.00
# Visual Studio Version 17
VisualStudioVersion = 17.5.33209.295
MinimumVisualStudioVersion = 10.0.40219.1
Project("{9A19103F-16F7-4668-BE54-9A1E7A4F7556}") = "Yu_Blazor_Template", "Yu_Blazor_Template\Yu_Blazor_Template.csproj", "{3F3127BC-7619-4FA0-B9A3-62C3BA974B9F}"
EndProject
Project("{9A19103F-16F7-4668-BE54-9A1E7A4F7556}") = "Yu_Service", "Yu_Service\Yu_Service.csproj", "{79EE9F56-1C1A-47E1-BB39-BD05BB0C20BC}"
EndProject
Project("{9A19103F-16F7-4668-BE54-9A1E7A4F7556}") = "Yu_Blazor_Template.API", "Yu_Blazor_Template.API\Yu_Blazor_Template.API.csproj", "{7B19BE4E-09C9-4EE0-B688-4DA48F1BA142}"
EndProject
Project("{FAE04EC0-301F-11D3-BF4B-00C04F79EFBC}") = "Blazor8_OIDC_Template", "Blazor8_OIDC_Template\Blazor8_OIDC_Template\Blazor8_OIDC_Template.csproj", "{F29955A9-B32C-468F-8BFD-2725DBF7FB81}"
EndProject
Project("{FAE04EC0-301F-11D3-BF4B-00C04F79EFBC}") = "Blazor8_OIDC_Template.Client", "Blazor8_OIDC_Template\Blazor8_OIDC_Template.Client\Blazor8_OIDC_Template.Client.csproj", "{6F4A988E-9E4E-4385-9EB5-0E5D04BBB813}"
EndProject
Project("{FAE04EC0-301F-11D3-BF4B-00C04F79EFBC}") = "Blazor8_OIDC_Template.Service", "Blazor8_OIDC_Template.Service\Blazor8_OIDC_Template.Service.csproj", "{E675A67F-AF66-4C10-8787-C8B4FC381CDB}"
EndProject
Global
	GlobalSection(SolutionConfigurationPlatforms) = preSolution
		Debug|Any CPU = Debug|Any CPU
		Release|Any CPU = Release|Any CPU
	EndGlobalSection
	GlobalSection(ProjectConfigurationPlatforms) = postSolution
		{3F3127BC-7619-4FA0-B9A3-62C3BA974B9F}.Debug|Any CPU.ActiveCfg = Debug|Any CPU
		{3F3127BC-7619-4FA0-B9A3-62C3BA974B9F}.Debug|Any CPU.Build.0 = Debug|Any CPU
		{3F3127BC-7619-4FA0-B9A3-62C3BA974B9F}.Release|Any CPU.ActiveCfg = Release|Any CPU
		{3F3127BC-7619-4FA0-B9A3-62C3BA974B9F}.Release|Any CPU.Build.0 = Release|Any CPU
		{79EE9F56-1C1A-47E1-BB39-BD05BB0C20BC}.Debug|Any CPU.ActiveCfg = Debug|Any CPU
		{79EE9F56-1C1A-47E1-BB39-BD05BB0C20BC}.Debug|Any CPU.Build.0 = Debug|Any CPU
		{79EE9F56-1C1A-47E1-BB39-BD05BB0C20BC}.Release|Any CPU.ActiveCfg = Release|Any CPU
		{79EE9F56-1C1A-47E1-BB39-BD05BB0C20BC}.Release|Any CPU.Build.0 = Release|Any CPU
		{7B19BE4E-09C9-4EE0-B688-4DA48F1BA142}.Debug|Any CPU.ActiveCfg = Debug|Any CPU
		{7B19BE4E-09C9-4EE0-B688-4DA48F1BA142}.Debug|Any CPU.Build.0 = Debug|Any CPU
		{7B19BE4E-09C9-4EE0-B688-4DA48F1BA142}.Release|Any CPU.ActiveCfg = Release|Any CPU
		{7B19BE4E-09C9-4EE0-B688-4DA48F1BA142}.Release|Any CPU.Build.0 = Release|Any CPU
		{F29955A9-B32C-468F-8BFD-2725DBF7FB81}.Debug|Any CPU.ActiveCfg = Debug|Any CPU
		{F29955A9-B32C-468F-8BFD-2725DBF7FB81}.Debug|Any CPU.Build.0 = Debug|Any CPU
		{F29955A9-B32C-468F-8BFD-2725DBF7FB81}.Release|Any CPU.ActiveCfg = Release|Any CPU
		{F29955A9-B32C-468F-8BFD-2725DBF7FB81}.Release|Any CPU.Build.0 = Release|Any CPU
		{6F4A988E-9E4E-4385-9EB5-0E5D04BBB813}.Debug|Any CPU.ActiveCfg = Debug|Any CPU
		{6F4A988E-9E4E-4385-9EB5-0E5D04BBB813}.Debug|Any CPU.Build.0 = Debug|Any CPU
		{6F4A988E-9E4E-4385-9EB5-0E5D04BBB813}.Release|Any CPU.ActiveCfg = Release|Any CPU
		{6F4A988E-9E4E-4385-9EB5-0E5D04BBB813}.Release|Any CPU.Build.0 = Release|Any CPU
		{E675A67F-AF66-4C10-8787-C8B4FC381CDB}.Debug|Any CPU.ActiveCfg = Debug|Any CPU
		{E675A67F-AF66-4C10-8787-C8B4FC381CDB}.Debug|Any CPU.Build.0 = Debug|Any CPU
		{E675A67F-AF66-4C10-8787-C8B4FC381CDB}.Release|Any CPU.ActiveCfg = Release|Any CPU
		{E675A67F-AF66-4C10-8787-C8B4FC381CDB}.Release|Any CPU.Build.0 = Release|Any CPU
	EndGlobalSection
	GlobalSection(SolutionProperties) = preSolution
		HideSolutionNode = FALSE
	EndGlobalSection
	GlobalSection(ExtensibilityGlobals) = postSolution
		SolutionGuid = {ACE3AD99-0675-4CA8-9B2C-C404E36E789B}
	EndGlobalSection
EndGlobal
