
Microsoft Visual Studio Solution File, Format Version 12.00
# Visual Studio Version 17
VisualStudioVersion = 17.5.33209.295
MinimumVisualStudioVersion = 10.0.40219.1
Project("{9A19103F-16F7-4668-BE54-9A1E7A4F7556}") = "Yu_Blazor_Template", "Yu_Blazor_Template\Yu_Blazor_Template.csproj", "{3F3127BC-7619-4FA0-B9A3-62C3BA974B9F}"
EndProject
Project("{FAE04EC0-301F-11D3-BF4B-00C04F79EFBC}") = "Yu_Service", "Yu_Service\Yu_Service.csproj", "{79EE9F56-1C1A-47E1-BB39-BD05BB0C20BC}"
EndProject
Global
	GlobalSection(SolutionConfigurationPlatforms) = preSolution
		Debug|Any CPU = Debug|Any CPU
		Release|Any CPU = Release|Any CPU
	EndGlobalSection
	GlobalSection(ProjectConfigurationPlatforms) = postSolution
		{3F3127BC-7619-4FA0-B9A3-62C3BA974B9F}.Debug|Any CPU.ActiveCfg = Debug|Any CPU
		{3F3127BC-7619-4FA0-B9A3-62C3BA974B9F}.Debug|Any CPU.Build.0 = Debug|Any CPU
		{3F3127BC-7619-4FA0-B9A3-62C3BA974B9F}.Release|Any CPU.ActiveCfg = Release|Any CPU
		{3F3127BC-7619-4FA0-B9A3-62C3BA974B9F}.Release|Any CPU.Build.0 = Release|Any CPU
		{79EE9F56-1C1A-47E1-BB39-BD05BB0C20BC}.Debug|Any CPU.ActiveCfg = Debug|Any CPU
		{79EE9F56-1C1A-47E1-BB39-BD05BB0C20BC}.Debug|Any CPU.Build.0 = Debug|Any CPU
		{79EE9F56-1C1A-47E1-BB39-BD05BB0C20BC}.Release|Any CPU.ActiveCfg = Release|Any CPU
		{79EE9F56-1C1A-47E1-BB39-BD05BB0C20BC}.Release|Any CPU.Build.0 = Release|Any CPU
	EndGlobalSection
	GlobalSection(SolutionProperties) = preSolution
		HideSolutionNode = FALSE
	EndGlobalSection
	GlobalSection(ExtensibilityGlobals) = postSolution
		SolutionGuid = {ACE3AD99-0675-4CA8-9B2C-C404E36E789B}
	EndGlobalSection
EndGlobal
